
Microsoft Visual Studio Solution File, Format Version 12.00
# Visual Studio Version 16
VisualStudioVersion = 16.0.30711.63
MinimumVisualStudioVersion = 10.0.40219.1
Project("{8BC9CEB8-8B4A-11D0-8D11-00A0C91BC942}") = "BeakeyBoi", "BeakeyBoi\BeakeyBoi.vcxproj", "{111C024A-8469-40EE-8E6E-AD2157512EFC}"
EndProject
Project("{8BC9CEB8-8B4A-11D0-8D11-00A0C91BC942}") = "Loader", "Loader\Loader.vcxproj", "{E6B9742F-D5BA-4725-86F6-DA50A444EFEB}"
EndProject
Project("{8BC9CEB8-8B4A-11D0-8D11-00A0C91BC942}") = "LoaderTestNative", "LoaderTestNative\LoaderTestNative.vcxproj", "{FACEA589-2F8B-434D-B871-4437D44C065B}"
EndProject
Project("{8BC9CEB8-8B4A-11D0-8D11-00A0C91BC942}") = "ShellcodeRDI", "ShellcodeRDI\ShellcodeRDI.vcxproj", "{6FC09BDB-365F-4691-BBD9-CB7F69C9527A}"
EndProject
Global
	GlobalSection(SolutionConfigurationPlatforms) = preSolution
		Debug|x64 = Debug|x64
		Debug|x86 = Debug|x86
		Release|x64 = Release|x64
		Release|x86 = Release|x86
	EndGlobalSection
	GlobalSection(ProjectConfigurationPlatforms) = postSolution
		{111C024A-8469-40EE-8E6E-AD2157512EFC}.Debug|x64.ActiveCfg = Debug|x64
		{111C024A-8469-40EE-8E6E-AD2157512EFC}.Debug|x64.Build.0 = Debug|x64
		{111C024A-8469-40EE-8E6E-AD2157512EFC}.Debug|x86.ActiveCfg = Debug|Win32
		{111C024A-8469-40EE-8E6E-AD2157512EFC}.Debug|x86.Build.0 = Debug|Win32
		{111C024A-8469-40EE-8E6E-AD2157512EFC}.Release|x64.ActiveCfg = Release|x64
		{111C024A-8469-40EE-8E6E-AD2157512EFC}.Release|x64.Build.0 = Release|x64
		{111C024A-8469-40EE-8E6E-AD2157512EFC}.Release|x86.ActiveCfg = Release|Win32
		{111C024A-8469-40EE-8E6E-AD2157512EFC}.Release|x86.Build.0 = Release|Win32
		{E6B9742F-D5BA-4725-86F6-DA50A444EFEB}.Debug|x64.ActiveCfg = Debug|x64
		{E6B9742F-D5BA-4725-86F6-DA50A444EFEB}.Debug|x64.Build.0 = Debug|x64
		{E6B9742F-D5BA-4725-86F6-DA50A444EFEB}.Debug|x86.ActiveCfg = Debug|Win32
		{E6B9742F-D5BA-4725-86F6-DA50A444EFEB}.Debug|x86.Build.0 = Debug|Win32
		{E6B9742F-D5BA-4725-86F6-DA50A444EFEB}.Release|x64.ActiveCfg = Release|x64
		{E6B9742F-D5BA-4725-86F6-DA50A444EFEB}.Release|x64.Build.0 = Release|x64
		{E6B9742F-D5BA-4725-86F6-DA50A444EFEB}.Release|x86.ActiveCfg = Release|Win32
		{E6B9742F-D5BA-4725-86F6-DA50A444EFEB}.Release|x86.Build.0 = Release|Win32
		{FACEA589-2F8B-434D-B871-4437D44C065B}.Debug|x64.ActiveCfg = Debug|x64
		{FACEA589-2F8B-434D-B871-4437D44C065B}.Debug|x64.Build.0 = Debug|x64
		{FACEA589-2F8B-434D-B871-4437D44C065B}.Debug|x86.ActiveCfg = Debug|Win32
		{FACEA589-2F8B-434D-B871-4437D44C065B}.Debug|x86.Build.0 = Debug|Win32
		{FACEA589-2F8B-434D-B871-4437D44C065B}.Release|x64.ActiveCfg = Release|x64
		{FACEA589-2F8B-434D-B871-4437D44C065B}.Release|x64.Build.0 = Release|x64
		{FACEA589-2F8B-434D-B871-4437D44C065B}.Release|x86.ActiveCfg = Release|Win32
		{FACEA589-2F8B-434D-B871-4437D44C065B}.Release|x86.Build.0 = Release|Win32
		{6FC09BDB-365F-4691-BBD9-CB7F69C9527A}.Debug|x64.ActiveCfg = Debug|x64
		{6FC09BDB-365F-4691-BBD9-CB7F69C9527A}.Debug|x64.Build.0 = Debug|x64
		{6FC09BDB-365F-4691-BBD9-CB7F69C9527A}.Debug|x86.ActiveCfg = Debug|Win32
		{6FC09BDB-365F-4691-BBD9-CB7F69C9527A}.Debug|x86.Build.0 = Debug|Win32
		{6FC09BDB-365F-4691-BBD9-CB7F69C9527A}.Release|x64.ActiveCfg = Release|x64
		{6FC09BDB-365F-4691-BBD9-CB7F69C9527A}.Release|x64.Build.0 = Release|x64
		{6FC09BDB-365F-4691-BBD9-CB7F69C9527A}.Release|x86.ActiveCfg = Release|Win32
		{6FC09BDB-365F-4691-BBD9-CB7F69C9527A}.Release|x86.Build.0 = Release|Win32
	EndGlobalSection
	GlobalSection(SolutionProperties) = preSolution
		HideSolutionNode = FALSE
	EndGlobalSection
	GlobalSection(ExtensibilityGlobals) = postSolution
		SolutionGuid = {E3037CF1-9702-48F0-8DD2-1DA03061FD40}
	EndGlobalSection
EndGlobal
